
Microsoft Visual Studio Solution File, Format Version 12.00
# Visual Studio Version 16
VisualStudioVersion = 16.0.30621.155
MinimumVisualStudioVersion = 10.0.40219.1
Project("{FAE04EC0-301F-11D3-BF4B-00C04F79EFBC}") = "Lesson15Homework", "Lesson15Homework\Lesson15Homework.csproj", "{97B6E0A5-16D2-463D-85A3-78EE51D35568}"
EndProject
Project("{FAE04EC0-301F-11D3-BF4B-00C04F79EFBC}") = "Lesson15Homework3", "Lesson15Homework3\Lesson15Homework3.csproj", "{FC51BF83-036E-411A-A601-8CCBA3CA47D2}"
EndProject
Project("{FAE04EC0-301F-11D3-BF4B-00C04F79EFBC}") = "Lesson15Homework4", "Lesson15Homework4\Lesson15Homework4.csproj", "{E4076A1C-9697-46A2-9DD0-CA8312071EA7}"
EndProject
Global
	GlobalSection(SolutionConfigurationPlatforms) = preSolution
		Debug|Any CPU = Debug|Any CPU
		Release|Any CPU = Release|Any CPU
	EndGlobalSection
	GlobalSection(ProjectConfigurationPlatforms) = postSolution
		{97B6E0A5-16D2-463D-85A3-78EE51D35568}.Debug|Any CPU.ActiveCfg = Debug|Any CPU
		{97B6E0A5-16D2-463D-85A3-78EE51D35568}.Debug|Any CPU.Build.0 = Debug|Any CPU
		{97B6E0A5-16D2-463D-85A3-78EE51D35568}.Release|Any CPU.ActiveCfg = Release|Any CPU
		{97B6E0A5-16D2-463D-85A3-78EE51D35568}.Release|Any CPU.Build.0 = Release|Any CPU
		{FC51BF83-036E-411A-A601-8CCBA3CA47D2}.Debug|Any CPU.ActiveCfg = Debug|Any CPU
		{FC51BF83-036E-411A-A601-8CCBA3CA47D2}.Debug|Any CPU.Build.0 = Debug|Any CPU
		{FC51BF83-036E-411A-A601-8CCBA3CA47D2}.Release|Any CPU.ActiveCfg = Release|Any CPU
		{FC51BF83-036E-411A-A601-8CCBA3CA47D2}.Release|Any CPU.Build.0 = Release|Any CPU
		{E4076A1C-9697-46A2-9DD0-CA8312071EA7}.Debug|Any CPU.ActiveCfg = Debug|Any CPU
		{E4076A1C-9697-46A2-9DD0-CA8312071EA7}.Debug|Any CPU.Build.0 = Debug|Any CPU
		{E4076A1C-9697-46A2-9DD0-CA8312071EA7}.Release|Any CPU.ActiveCfg = Release|Any CPU
		{E4076A1C-9697-46A2-9DD0-CA8312071EA7}.Release|Any CPU.Build.0 = Release|Any CPU
	EndGlobalSection
	GlobalSection(SolutionProperties) = preSolution
		HideSolutionNode = FALSE
	EndGlobalSection
	GlobalSection(ExtensibilityGlobals) = postSolution
		SolutionGuid = {EB515ECC-156F-48FA-B905-7DE005E74FB8}
	EndGlobalSection
EndGlobal
